{
  "name": "@arynthernium/lockject",
  "version": "1.0.0",
  "lockfileVersion": 2,
  "requires": true,
  "packages": {
    "": {
      "name": "@arynthernium/lockject",
      "version": "1.0.0",
      "license": "Unlicense",
      "dependencies": {
        "equals": "^1.0.5"
      }
    },
    "node_modules/equals": {
      "version": "1.0.5",
      "license": "MIT",
      "dependencies": {
        "jkroso-type": "1"
      }
    },
    "node_modules/jkroso-type": {
      "version": "1.1.1",
      "license": "MIT"
    }
  },
  "dependencies": {
    "equals": {
      "version": "1.0.5",
      "requires": {
        "jkroso-type": "1"
      }
    },
    "jkroso-type": {
      "version": "1.1.1"
    }
  }
}
